// !$*UTF8*$!
{
	archiveVersion = 1;
	classes = {
	};
	objectVersion = 46;
	objects = {

/* Begin PBXBuildFile section */
		B1468B221DC705E00019EEBF /* DetailView.swift in Sources */ = {isa = PBXBuildFile; fileRef = B1468B211DC705E00019EEBF /* DetailView.swift */; };
		B1468B281DC70F450019EEBF /* DetailCell.swift in Sources */ = {isa = PBXBuildFile; fileRef = B1468B271DC70F450019EEBF /* DetailCell.swift */; };
		B15BBD071DC59058001C79CE /* AppDelegate.swift in Sources */ = {isa = PBXBuildFile; fileRef = B15BBD061DC59058001C79CE /* AppDelegate.swift */; };
		B15BBD091DC59058001C79CE /* ViewController.swift in Sources */ = {isa = PBXBuildFile; fileRef = B15BBD081DC59058001C79CE /* ViewController.swift */; };
		B15BBD0C1DC59058001C79CE /* Main.storyboard in Resources */ = {isa = PBXBuildFile; fileRef = B15BBD0A1DC59058001C79CE /* Main.storyboard */; };
		B15BBD0E1DC59058001C79CE /* Assets.xcassets in Resources */ = {isa = PBXBuildFile; fileRef = B15BBD0D1DC59058001C79CE /* Assets.xcassets */; };
		B15BBD111DC59058001C79CE /* LaunchScreen.storyboard in Resources */ = {isa = PBXBuildFile; fileRef = B15BBD0F1DC59058001C79CE /* LaunchScreen.storyboard */; };
		B15BBD191DC5937F001C79CE /* CollectionView.swift in Sources */ = {isa = PBXBuildFile; fileRef = B15BBD181DC5937F001C79CE /* CollectionView.swift */; };
		B15BBD1B1DC59C19001C79CE /* CellCollectionViewCell.swift in Sources */ = {isa = PBXBuildFile; fileRef = B15BBD1A1DC59C19001C79CE /* CellCollectionViewCell.swift */; };
		B15BBD1D1DC5AAAF001C79CE /* FlickrPhoto.swift in Sources */ = {isa = PBXBuildFile; fileRef = B15BBD1C1DC5AAAF001C79CE /* FlickrPhoto.swift */; };
/* End PBXBuildFile section */

/* Begin PBXFileReference section */
		B1468B211DC705E00019EEBF /* DetailView.swift */ = {isa = PBXFileReference; fileEncoding = 4; lastKnownFileType = sourcecode.swift; path = DetailView.swift; sourceTree = "<group>"; };
		B1468B271DC70F450019EEBF /* DetailCell.swift */ = {isa = PBXFileReference; fileEncoding = 4; lastKnownFileType = sourcecode.swift; path = DetailCell.swift; sourceTree = "<group>"; };
		B15BBD031DC59058001C79CE /* Lab4_v6.app */ = {isa = PBXFileReference; explicitFileType = wrapper.application; includeInIndex = 0; path = Lab4_v6.app; sourceTree = BUILT_PRODUCTS_DIR; };
		B15BBD061DC59058001C79CE /* AppDelegate.swift */ = {isa = PBXFileReference; lastKnownFileType = sourcecode.swift; path = AppDelegate.swift; sourceTree = "<group>"; };
		B15BBD081DC59058001C79CE /* ViewController.swift */ = {isa = PBXFileReference; lastKnownFileType = sourcecode.swift; path = ViewController.swift; sourceTree = "<group>"; };
		B15BBD0B1DC59058001C79CE /* Base */ = {isa = PBXFileReference; lastKnownFileType = file.storyboard; name = Base; path = Base.lproj/Main.storyboard; sourceTree = "<group>"; };
		B15BBD0D1DC59058001C79CE /* Assets.xcassets */ = {isa = PBXFileReference; lastKnownFileType = folder.assetcatalog; path = Assets.xcassets; sourceTree = "<group>"; };
		B15BBD101DC59058001C79CE /* Base */ = {isa = PBXFileReference; lastKnownFileType = file.storyboard; name = Base; path = Base.lproj/LaunchScreen.storyboard; sourceTree = "<group>"; };
		B15BBD121DC59058001C79CE /* Info.plist */ = {isa = PBXFileReference; lastKnownFileType = text.plist.xml; path = Info.plist; sourceTree = "<group>"; };
		B15BBD181DC5937F001C79CE /* CollectionView.swift */ = {isa = PBXFileReference; fileEncoding = 4; lastKnownFileType = sourcecode.swift; path = CollectionView.swift; sourceTree = "<group>"; };
		B15BBD1A1DC59C19001C79CE /* CellCollectionViewCell.swift */ = {isa = PBXFileReference; fileEncoding = 4; lastKnownFileType = sourcecode.swift; path = CellCollectionViewCell.swift; sourceTree = "<group>"; };
		B15BBD1C1DC5AAAF001C79CE /* FlickrPhoto.swift */ = {isa = PBXFileReference; fileEncoding = 4; lastKnownFileType = sourcecode.swift; path = FlickrPhoto.swift; sourceTree = "<group>"; };
/* End PBXFileReference section */

/* Begin PBXFrameworksBuildPhase section */
		B15BBD001DC59057001C79CE /* Frameworks */ = {
			isa = PBXFrameworksBuildPhase;
			buildActionMask = 2147483647;
			files = (
			);
			runOnlyForDeploymentPostprocessing = 0;
		};
/* End PBXFrameworksBuildPhase section */

/* Begin PBXGroup section */
		B15BBCFA1DC59057001C79CE = {
			isa = PBXGroup;
			children = (
				B15BBD051DC59058001C79CE /* Lab4_v6 */,
				B15BBD041DC59058001C79CE /* Products */,
			);
			sourceTree = "<group>";
		};
		B15BBD041DC59058001C79CE /* Products */ = {
			isa = PBXGroup;
			children = (
				B15BBD031DC59058001C79CE /* Lab4_v6.app */,
			);
			name = Products;
			sourceTree = "<group>";
		};
		B15BBD051DC59058001C79CE /* Lab4_v6 */ = {
			isa = PBXGroup;
			children = (
				B15BBD061DC59058001C79CE /* AppDelegate.swift */,
				B15BBD081DC59058001C79CE /* ViewController.swift */,
				B15BBD181DC5937F001C79CE /* CollectionView.swift */,
				B15BBD1A1DC59C19001C79CE /* CellCollectionViewCell.swift */,
				B15BBD1C1DC5AAAF001C79CE /* FlickrPhoto.swift */,
				B1468B211DC705E00019EEBF /* DetailView.swift */,
				B1468B271DC70F450019EEBF /* DetailCell.swift */,
				B15BBD0A1DC59058001C79CE /* Main.storyboard */,
				B15BBD0D1DC59058001C79CE /* Assets.xcassets */,
				B15BBD0F1DC59058001C79CE /* LaunchScreen.storyboard */,
				B15BBD121DC59058001C79CE /* Info.plist */,
			);
			path = Lab4_v6;
			sourceTree = "<group>";
		};
/* End PBXGroup section */

/* Begin PBXNativeTarget section */
		B15BBD021DC59057001C79CE /* Lab4_v6 */ = {
			isa = PBXNativeTarget;
			buildConfigurationList = B15BBD151DC59058001C79CE /* Build configuration list for PBXNativeTarget "Lab4_v6" */;
			buildPhases = (
				B15BBCFF1DC59057001C79CE /* Sources */,
				B15BBD001DC59057001C79CE /* Frameworks */,
				B15BBD011DC59057001C79CE /* Resources */,
			);
			buildRules = (
			);
			dependencies = (
			);
			name = Lab4_v6;
			productName = Lab4_v6;
			productReference = B15BBD031DC59058001C79CE /* Lab4_v6.app */;
			productType = "com.apple.product-type.application";
		};
/* End PBXNativeTarget section */

/* Begin PBXProject section */
		B15BBCFB1DC59057001C79CE /* Project object */ = {
			isa = PBXProject;
			attributes = {
				LastSwiftUpdateCheck = 0800;
				LastUpgradeCheck = 0800;
				ORGANIZATIONNAME = "Mai Dao";
				TargetAttributes = {
					B15BBD021DC59057001C79CE = {
						CreatedOnToolsVersion = 8.0;
						ProvisioningStyle = Automatic;
					};
				};
			};
			buildConfigurationList = B15BBCFE1DC59057001C79CE /* Build configuration list for PBXProject "Lab4_v6" */;
			compatibilityVersion = "Xcode 3.2";
			developmentRegion = English;
			hasScannedForEncodings = 0;
			knownRegions = (
				en,
				Base,
			);
			mainGroup = B15BBCFA1DC59057001C79CE;
			productRefGroup = B15BBD041DC59058001C79CE /* Products */;
			projectDirPath = "";
			projectRoot = "";
			targets = (
				B15BBD021DC59057001C79CE /* Lab4_v6 */,
			);
		};
/* End PBXProject section */

/* Begin PBXResourcesBuildPhase section */
		B15BBD011DC59057001C79CE /* Resources */ = {
			isa = PBXResourcesBuildPhase;
			buildActionMask = 2147483647;
			files = (
				B15BBD111DC59058001C79CE /* LaunchScreen.storyboard in Resources */,
				B15BBD0E1DC59058001C79CE /* Assets.xcassets in Resources */,
				B15BBD0C1DC59058001C79CE /* Main.storyboard in Resources */,
			);
			runOnlyForDeploymentPostprocessing = 0;
		};
/* End PBXResourcesBuildPhase section */

/* Begin PBXSourcesBuildPhase section */
		B15BBCFF1DC59057001C79CE /* Sources */ = {
			isa = PBXSourcesBuildPhase;
			buildActionMask = 2147483647;
			files = (
				B15BBD191DC5937F001C79CE /* CollectionView.swift in Sources */,
				B1468B221DC705E00019EEBF /* DetailView.swift in Sources */,
				B15BBD091DC59058001C79CE /* ViewController.swift in Sources */,
				B15BBD1B1DC59C19001C79CE /* CellCollectionViewCell.swift in Sources */,
				B15BBD1D1DC5AAAF001C79CE /* FlickrPhoto.swift in Sources */,
				B1468B281DC70F450019EEBF /* DetailCell.swift in Sources */,
				B15BBD071DC59058001C79CE /* AppDelegate.swift in Sources */,
			);
			runOnlyForDeploymentPostprocessing = 0;
		};
/* End PBXSourcesBuildPhase section */

/* Begin PBXVariantGroup section */
		B15BBD0A1DC59058001C79CE /* Main.storyboard */ = {
			isa = PBXVariantGroup;
			children = (
				B15BBD0B1DC59058001C79CE /* Base */,
			);
			name = Main.storyboard;
			sourceTree = "<group>";
		};
		B15BBD0F1DC59058001C79CE /* LaunchScreen.storyboard */ = {
			isa = PBXVariantGroup;
			children = (
				B15BBD101DC59058001C79CE /* Base */,
			);
			name = LaunchScreen.storyboard;
			sourceTree = "<group>";
		};
/* End PBXVariantGroup section */

/* Begin XCBuildConfiguration section */
		B15BBD131DC59058001C79CE /* Debug */ = {
			isa = XCBuildConfiguration;
			buildSettings = {
				ALWAYS_SEARCH_USER_PATHS = NO;
				CLANG_ANALYZER_NONNULL = YES;
				CLANG_CXX_LANGUAGE_STANDARD = "gnu++0x";
				CLANG_CXX_LIBRARY = "libc++";
				CLANG_ENABLE_MODULES = YES;
				CLANG_ENABLE_OBJC_ARC = YES;
				CLANG_WARN_BOOL_CONVERSION = YES;
				CLANG_WARN_CONSTANT_CONVERSION = YES;
				CLANG_WARN_DIRECT_OBJC_ISA_USAGE = YES_ERROR;
				CLANG_WARN_DOCUMENTATION_COMMENTS = YES;
				CLANG_WARN_EMPTY_BODY = YES;
				CLANG_WARN_ENUM_CONVERSION = YES;
				CLANG_WARN_INFINITE_RECURSION = YES;
				CLANG_WARN_INT_CONVERSION = YES;
				CLANG_WARN_OBJC_ROOT_CLASS = YES_ERROR;
				CLANG_WARN_SUSPICIOUS_MOVES = YES;
				CLANG_WARN_UNREACHABLE_CODE = YES;
				CLANG_WARN__DUPLICATE_METHOD_MATCH = YES;
				"CODE_SIGN_IDENTITY[sdk=iphoneos*]" = "iPhone Developer";
				COPY_PHASE_STRIP = NO;
				DEBUG_INFORMATION_FORMAT = dwarf;
				ENABLE_STRICT_OBJC_MSGSEND = YES;
				ENABLE_TESTABILITY = YES;
				GCC_C_LANGUAGE_STANDARD = gnu99;
				GCC_DYNAMIC_NO_PIC = NO;
				GCC_NO_COMMON_BLOCKS = YES;
				GCC_OPTIMIZATION_LEVEL = 0;
				GCC_PREPROCESSOR_DEFINITIONS = (
					"DEBUG=1",
					"$(inherited)",
				);
				GCC_WARN_64_TO_32_BIT_CONVERSION = YES;
				GCC_WARN_ABOUT_RETURN_TYPE = YES_ERROR;
				GCC_WARN_UNDECLARED_SELECTOR = YES;
				GCC_WARN_UNINITIALIZED_AUTOS = YES_AGGRESSIVE;
				GCC_WARN_UNUSED_FUNCTION = YES;
				GCC_WARN_UNUSED_VARIABLE = YES;
				IPHONEOS_DEPLOYMENT_TARGET = 10.0;
				MTL_ENABLE_DEBUG_INFO = YES;
				ONLY_ACTIVE_ARCH = YES;
				SDKROOT = iphoneos;
				SWIFT_ACTIVE_COMPILATION_CONDITIONS = DEBUG;
				SWIFT_OPTIMIZATION_LEVEL = "-Onone";
			};
			name = Debug;
		};
		B15BBD141DC59058001C79CE /* Release */ = {
			isa = XCBuildConfiguration;
			buildSettings = {
				ALWAYS_SEARCH_USER_PATHS = NO;
				CLANG_ANALYZER_NONNULL = YES;
				CLANG_CXX_LANGUAGE_STANDARD = "gnu++0x";
				CLANG_CXX_LIBRARY = "libc++";
				CLANG_ENABLE_MODULES = YES;
				CLANG_ENABLE_OBJC_ARC = YES;
				CLANG_WARN_BOOL_CONVERSION = YES;
				CLANG_WARN_CONSTANT_CONVERSION = YES;
				CLANG_WARN_DIRECT_OBJC_ISA_USAGE = YES_ERROR;
				CLANG_WARN_DOCUMENTATION_COMMENTS = YES;
				CLANG_WARN_EMPTY_BODY = YES;
				CLANG_WARN_ENUM_CONVERSION = YES;
				CLANG_WARN_INFINITE_RECURSION = YES;
				CLANG_WARN_INT_CONVERSION = YES;
				CLANG_WARN_OBJC_ROOT_CLASS = YES_ERROR;
				CLANG_WARN_SUSPICIOUS_MOVES = YES;
				CLANG_WARN_UNREACHABLE_CODE = YES;
				CLANG_WARN__DUPLICATE_METHOD_MATCH = YES;
				"CODE_SIGN_IDENTITY[sdk=iphoneos*]" = "iPhone Developer";
				COPY_PHASE_STRIP = NO;
				DEBUG_INFORMATION_FORMAT = "dwarf-with-dsym";
				ENABLE_NS_ASSERTIONS = NO;
				ENABLE_STRICT_OBJC_MSGSEND = YES;
				GCC_C_LANGUAGE_STANDARD = gnu99;
				GCC_NO_COMMON_BLOCKS = YES;
				GCC_WARN_64_TO_32_BIT_CONVERSION = YES;
				GCC_WARN_ABOUT_RETURN_TYPE = YES_ERROR;
				GCC_WARN_UNDECLARED_SELECTOR = YES;
				GCC_WARN_UNINITIALIZED_AUTOS = YES_AGGRESSIVE;
				GCC_WARN_UNUSED_FUNCTION = YES;
				GCC_WARN_UNUSED_VARIABLE = YES;
				IPHONEOS_DEPLOYMENT_TARGET = 10.0;
				MTL_ENABLE_DEBUG_INFO = NO;
				SDKROOT = iphoneos;
				SWIFT_OPTIMIZATION_LEVEL = "-Owholemodule";
				VALIDATE_PRODUCT = YES;
			};
			name = Release;
		};
		B15BBD161DC59058001C79CE /* Debug */ = {
			isa = XCBuildConfiguration;
			buildSettings = {
				ASSETCATALOG_COMPILER_APPICON_NAME = AppIcon;
				INFOPLIST_FILE = Lab4_v6/Info.plist;
				LD_RUNPATH_SEARCH_PATHS = "$(inherited) @executable_path/Frameworks";
				PRODUCT_BUNDLE_IDENTIFIER = "com.Lab4-v6";
				PRODUCT_NAME = "$(TARGET_NAME)";
				SWIFT_VERSION = 3.0;
			};
			name = Debug;
		};
		B15BBD171DC59058001C79CE /* Release */ = {
			isa = XCBuildConfiguration;
			buildSettings = {
				ASSETCATALOG_COMPILER_APPICON_NAME = AppIcon;
				INFOPLIST_FILE = Lab4_v6/Info.plist;
				LD_RUNPATH_SEARCH_PATHS = "$(inherited) @executable_path/Frameworks";
				PRODUCT_BUNDLE_IDENTIFIER = "com.Lab4-v6";
				PRODUCT_NAME = "$(TARGET_NAME)";
				SWIFT_VERSION = 3.0;
			};
			name = Release;
		};
/* End XCBuildConfiguration section */

/* Begin XCConfigurationList section */
		B15BBCFE1DC59057001C79CE /* Build configuration list for PBXProject "Lab4_v6" */ = {
			isa = XCConfigurationList;
			buildConfigurations = (
				B15BBD131DC59058001C79CE /* Debug */,
				B15BBD141DC59058001C79CE /* Release */,
			);
			defaultConfigurationIsVisible = 0;
			defaultConfigurationName = Release;
		};
		B15BBD151DC59058001C79CE /* Build configuration list for PBXNativeTarget "Lab4_v6" */ = {
			isa = XCConfigurationList;
			buildConfigurations = (
				B15BBD161DC59058001C79CE /* Debug */,
				B15BBD171DC59058001C79CE /* Release */,
			);
			defaultConfigurationIsVisible = 0;
			defaultConfigurationName = Release;
		};
/* End XCConfigurationList section */
	};
	rootObject = B15BBCFB1DC59057001C79CE /* Project object */;
}
